PODS:
  - Alamofire (4.7.3)
  - Moya (11.0.2):
    - Moya/Core (= 11.0.2)
  - Moya/Core (11.0.2):
    - Alamofire (~> 4.1)
    - Result (~> 3.0)
  - Nimble (7.0.3)
  - Quick (1.0.0)
  - Result (3.2.4)

DEPENDENCIES:
  - Moya (~> 11.0)
  - Nimble (~> 7.0.1)
  - Quick (~> 1.0.0)

SPEC REPOS:
  https://github.com/cocoapods/specs.git:
    - Alamofire
    - Moya
    - Nimble
    - Quick
    - Result

SPEC CHECKSUMS:
  Alamofire: c7287b6e5d7da964a70935e5db17046b7fde6568
  Moya: a725035953bc1c0eb1be505ab903984501d82440
  Nimble: 7f5a9c447a33002645a071bddafbfb24ea70e0ac
  Quick: 8024e4a47e6cc03a9d5245ef0948264fc6d27cff
  Result: d2d07204ce72856f1fd9130bbe42c35a7b0fea10

PODFILE CHECKSUM: 21f0c904f44e765f565b83bd1432bdb45756fb1d

COCOAPODS: 1.5.3
