// !$*UTF8*$!
{
	archiveVersion = 1;
	classes = {
	};
	objectVersion = 51;
	objects = {

/* Begin PBXBuildFile section */
		3EBE678A2170C28100DB2709 /* AppDelegate.swift in Sources */ = {isa = PBXBuildFile; fileRef = 3EBE67892170C28100DB2709 /* AppDelegate.swift */; };
		3EBE678C2170C28100DB2709 /* ViewController.swift in Sources */ = {isa = PBXBuildFile; fileRef = 3EBE678B2170C28100DB2709 /* ViewController.swift */; };
		3EBE678F2170C28100DB2709 /* Main.storyboard in Resources */ = {isa = PBXBuildFile; fileRef = 3EBE678D2170C28100DB2709 /* Main.storyboard */; };
		3EBE67912170C28200DB2709 /* Assets.xcassets in Resources */ = {isa = PBXBuildFile; fileRef = 3EBE67902170C28200DB2709 /* Assets.xcassets */; };
		3EBE67942170C28200DB2709 /* LaunchScreen.storyboard in Resources */ = {isa = PBXBuildFile; fileRef = 3EBE67922170C28200DB2709 /* LaunchScreen.storyboard */; };
		3EBE679F2170C28200DB2709 /* CineKobeTests.swift in Sources */ = {isa = PBXBuildFile; fileRef = 3EBE679E2170C28200DB2709 /* CineKobeTests.swift */; };
		3EBE67AC2170CE1200DB2709 /* API.swift in Sources */ = {isa = PBXBuildFile; fileRef = 3EBE67AB2170CE1200DB2709 /* API.swift */; };
		3EBE67AE2170D40500DB2709 /* DataManager.swift in Sources */ = {isa = PBXBuildFile; fileRef = 3EBE67AD2170D40500DB2709 /* DataManager.swift */; };
		3EBE67B02170D46C00DB2709 /* Service.swift in Sources */ = {isa = PBXBuildFile; fileRef = 3EBE67AF2170D46C00DB2709 /* Service.swift */; };
		3EBE67B22170D48200DB2709 /* APIResponse.swift in Sources */ = {isa = PBXBuildFile; fileRef = 3EBE67B12170D48200DB2709 /* APIResponse.swift */; };
		3EBE67B52170D6D900DB2709 /* MoviesUpcoming.swift in Sources */ = {isa = PBXBuildFile; fileRef = 3EBE67B42170D6D900DB2709 /* MoviesUpcoming.swift */; };
		3EBE67BD2171243B00DB2709 /* AppCoordinator.swift in Sources */ = {isa = PBXBuildFile; fileRef = 3EBE67BC2171243B00DB2709 /* AppCoordinator.swift */; };
		3EBE67C1217124E500DB2709 /* Router.swift in Sources */ = {isa = PBXBuildFile; fileRef = 3EBE67C0217124E500DB2709 /* Router.swift */; };
		3EBE67C3217125B700DB2709 /* RouterImp.swift in Sources */ = {isa = PBXBuildFile; fileRef = 3EBE67C2217125B700DB2709 /* RouterImp.swift */; };
		3EBE67C5217126BA00DB2709 /* Presentable.swift in Sources */ = {isa = PBXBuildFile; fileRef = 3EBE67C4217126BA00DB2709 /* Presentable.swift */; };
		3EBE67C92171278100DB2709 /* BaseCoordinator.swift in Sources */ = {isa = PBXBuildFile; fileRef = 3EBE67C82171278100DB2709 /* BaseCoordinator.swift */; };
		3EBE67CB217127A500DB2709 /* Coordinator.swift in Sources */ = {isa = PBXBuildFile; fileRef = 3EBE67CA217127A500DB2709 /* Coordinator.swift */; };
		3EBE67CF217131FE00DB2709 /* CoordinatorFactoryImp.swift in Sources */ = {isa = PBXBuildFile; fileRef = 3EBE67CE217131FE00DB2709 /* CoordinatorFactoryImp.swift */; };
		3EBE67D12171321D00DB2709 /* CoordinatorFactory.swift in Sources */ = {isa = PBXBuildFile; fileRef = 3EBE67D02171321D00DB2709 /* CoordinatorFactory.swift */; };
		3EBE67D32171328E00DB2709 /* MoviesUpcomingFactory.swift in Sources */ = {isa = PBXBuildFile; fileRef = 3EBE67D22171328E00DB2709 /* MoviesUpcomingFactory.swift */; };
		3EBE67DC2171338500DB2709 /* MoviesUpcoming.strings in Resources */ = {isa = PBXBuildFile; fileRef = 3EBE67D52171338500DB2709 /* MoviesUpcoming.strings */; };
		3EBE67DD2171338500DB2709 /* MoviesUpcomingViewController_SE.xib in Resources */ = {isa = PBXBuildFile; fileRef = 3EBE67D62171338500DB2709 /* MoviesUpcomingViewController_SE.xib */; };
		3EBE67DE2171338500DB2709 /* MoviesUpcomingPresenter.swift in Sources */ = {isa = PBXBuildFile; fileRef = 3EBE67D72171338500DB2709 /* MoviesUpcomingPresenter.swift */; };
		3EBE67E02171338500DB2709 /* MoviesUpcomingViewController.swift in Sources */ = {isa = PBXBuildFile; fileRef = 3EBE67D92171338500DB2709 /* MoviesUpcomingViewController.swift */; };
		3EBE67E22171338500DB2709 /* MoviesUpcomingViewController.xib in Resources */ = {isa = PBXBuildFile; fileRef = 3EBE67DB2171338500DB2709 /* MoviesUpcomingViewController.xib */; };
		3EBE67E32171349600DB2709 /* MoviesUpcomingTests.swift in Sources */ = {isa = PBXBuildFile; fileRef = 3EBE67D82171338500DB2709 /* MoviesUpcomingTests.swift */; };
		3EBE67E52171352100DB2709 /* ModuloFactoryImp.swift in Sources */ = {isa = PBXBuildFile; fileRef = 3EBE67E42171352100DB2709 /* ModuloFactoryImp.swift */; };
		3EBE67E721713A6000DB2709 /* MoviesUpcomingCoordinator.swift in Sources */ = {isa = PBXBuildFile; fileRef = 3EBE67E621713A6000DB2709 /* MoviesUpcomingCoordinator.swift */; };
		3EBE67EB21715E8F00DB2709 /* R.generated.swift in Sources */ = {isa = PBXBuildFile; fileRef = 3EBE67EA21715E8F00DB2709 /* R.generated.swift */; };
		3EBE67EE2171607200DB2709 /* ViewControllerExtension.swift in Sources */ = {isa = PBXBuildFile; fileRef = 3EBE67ED2171607200DB2709 /* ViewControllerExtension.swift */; };
		3EBE67F02171615800DB2709 /* UIScreenExtension.swift in Sources */ = {isa = PBXBuildFile; fileRef = 3EBE67EF2171615800DB2709 /* UIScreenExtension.swift */; };
		82C794D71A8678825FBDCA5B /* Pods_CineKobe_CineKobeTests.framework in Frameworks */ = {isa = PBXBuildFile; fileRef = FC47CE2F23FD14EF36D94E14 /* Pods_CineKobe_CineKobeTests.framework */; };
		B9E674305ABBA6FB734B987B /* libPods-CineKobeTests.a in Frameworks */ = {isa = PBXBuildFile; fileRef = 919FBD1CC92C67BD1CB43AD5 /* libPods-CineKobeTests.a */; };
		E28AE06BB3F303000AB157C6 /* Pods_CineKobe.framework in Frameworks */ = {isa = PBXBuildFile; fileRef = 99AD883804300C45920D156B /* Pods_CineKobe.framework */; };
/* End PBXBuildFile section */

/* Begin PBXContainerItemProxy section */
		3EBE679B2170C28200DB2709 /* PBXContainerItemProxy */ = {
			isa = PBXContainerItemProxy;
			containerPortal = 3EBE677E2170C28100DB2709 /* Project object */;
			proxyType = 1;
			remoteGlobalIDString = 3EBE67852170C28100DB2709;
			remoteInfo = CineKobe;
		};
/* End PBXContainerItemProxy section */

/* Begin PBXFileReference section */
		28D5A53F6ABBB738DAB5048C /* Pods-CineKobeTests.release.xcconfig */ = {isa = PBXFileReference; includeInIndex = 1; lastKnownFileType = text.xcconfig; name = "Pods-CineKobeTests.release.xcconfig"; path = "Pods/Target Support Files/Pods-CineKobeTests/Pods-CineKobeTests.release.xcconfig"; sourceTree = "<group>"; };
		3EBE67862170C28100DB2709 /* CineKobe.app */ = {isa = PBXFileReference; explicitFileType = wrapper.application; includeInIndex = 0; path = CineKobe.app; sourceTree = BUILT_PRODUCTS_DIR; };
		3EBE67892170C28100DB2709 /* AppDelegate.swift */ = {isa = PBXFileReference; lastKnownFileType = sourcecode.swift; path = AppDelegate.swift; sourceTree = "<group>"; };
		3EBE678B2170C28100DB2709 /* ViewController.swift */ = {isa = PBXFileReference; lastKnownFileType = sourcecode.swift; path = ViewController.swift; sourceTree = "<group>"; };
		3EBE678E2170C28100DB2709 /* Base */ = {isa = PBXFileReference; lastKnownFileType = file.storyboard; name = Base; path = Base.lproj/Main.storyboard; sourceTree = "<group>"; };
		3EBE67902170C28200DB2709 /* Assets.xcassets */ = {isa = PBXFileReference; lastKnownFileType = folder.assetcatalog; path = Assets.xcassets; sourceTree = "<group>"; };
		3EBE67932170C28200DB2709 /* Base */ = {isa = PBXFileReference; lastKnownFileType = file.storyboard; name = Base; path = Base.lproj/LaunchScreen.storyboard; sourceTree = "<group>"; };
		3EBE67952170C28200DB2709 /* Info.plist */ = {isa = PBXFileReference; lastKnownFileType = text.plist.xml; path = Info.plist; sourceTree = "<group>"; };
		3EBE679A2170C28200DB2709 /* CineKobeTests.xctest */ = {isa = PBXFileReference; explicitFileType = wrapper.cfbundle; includeInIndex = 0; path = CineKobeTests.xctest; sourceTree = BUILT_PRODUCTS_DIR; };
		3EBE679E2170C28200DB2709 /* CineKobeTests.swift */ = {isa = PBXFileReference; lastKnownFileType = sourcecode.swift; path = CineKobeTests.swift; sourceTree = "<group>"; };
		3EBE67A02170C28200DB2709 /* Info.plist */ = {isa = PBXFileReference; lastKnownFileType = text.plist.xml; path = Info.plist; sourceTree = "<group>"; };
		3EBE67AB2170CE1200DB2709 /* API.swift */ = {isa = PBXFileReference; lastKnownFileType = sourcecode.swift; path = API.swift; sourceTree = "<group>"; };
		3EBE67AD2170D40500DB2709 /* DataManager.swift */ = {isa = PBXFileReference; lastKnownFileType = sourcecode.swift; path = DataManager.swift; sourceTree = "<group>"; };
		3EBE67AF2170D46C00DB2709 /* Service.swift */ = {isa = PBXFileReference; lastKnownFileType = sourcecode.swift; path = Service.swift; sourceTree = "<group>"; };
		3EBE67B12170D48200DB2709 /* APIResponse.swift */ = {isa = PBXFileReference; lastKnownFileType = sourcecode.swift; path = APIResponse.swift; sourceTree = "<group>"; };
		3EBE67B42170D6D900DB2709 /* MoviesUpcoming.swift */ = {isa = PBXFileReference; lastKnownFileType = sourcecode.swift; path = MoviesUpcoming.swift; sourceTree = "<group>"; };
		3EBE67BC2171243B00DB2709 /* AppCoordinator.swift */ = {isa = PBXFileReference; lastKnownFileType = sourcecode.swift; path = AppCoordinator.swift; sourceTree = "<group>"; };
		3EBE67C0217124E500DB2709 /* Router.swift */ = {isa = PBXFileReference; lastKnownFileType = sourcecode.swift; path = Router.swift; sourceTree = "<group>"; };
		3EBE67C2217125B700DB2709 /* RouterImp.swift */ = {isa = PBXFileReference; lastKnownFileType = sourcecode.swift; path = RouterImp.swift; sourceTree = "<group>"; };
		3EBE67C4217126BA00DB2709 /* Presentable.swift */ = {isa = PBXFileReference; lastKnownFileType = sourcecode.swift; path = Presentable.swift; sourceTree = "<group>"; };
		3EBE67C82171278100DB2709 /* BaseCoordinator.swift */ = {isa = PBXFileReference; lastKnownFileType = sourcecode.swift; path = BaseCoordinator.swift; sourceTree = "<group>"; };
		3EBE67CA217127A500DB2709 /* Coordinator.swift */ = {isa = PBXFileReference; lastKnownFileType = sourcecode.swift; path = Coordinator.swift; sourceTree = "<group>"; };
		3EBE67CE217131FE00DB2709 /* CoordinatorFactoryImp.swift */ = {isa = PBXFileReference; lastKnownFileType = sourcecode.swift; path = CoordinatorFactoryImp.swift; sourceTree = "<group>"; };
		3EBE67D02171321D00DB2709 /* CoordinatorFactory.swift */ = {isa = PBXFileReference; lastKnownFileType = sourcecode.swift; path = CoordinatorFactory.swift; sourceTree = "<group>"; };
		3EBE67D22171328E00DB2709 /* MoviesUpcomingFactory.swift */ = {isa = PBXFileReference; lastKnownFileType = sourcecode.swift; path = MoviesUpcomingFactory.swift; sourceTree = "<group>"; };
		3EBE67D52171338500DB2709 /* MoviesUpcoming.strings */ = {isa = PBXFileReference; lastKnownFileType = text.plist.strings; path = MoviesUpcoming.strings; sourceTree = "<group>"; };
		3EBE67D62171338500DB2709 /* MoviesUpcomingViewController_SE.xib */ = {isa = PBXFileReference; lastKnownFileType = file.xib; path = MoviesUpcomingViewController_SE.xib; sourceTree = "<group>"; };
		3EBE67D72171338500DB2709 /* MoviesUpcomingPresenter.swift */ = {isa = PBXFileReference; lastKnownFileType = sourcecode.swift; path = MoviesUpcomingPresenter.swift; sourceTree = "<group>"; };
		3EBE67D82171338500DB2709 /* MoviesUpcomingTests.swift */ = {isa = PBXFileReference; lastKnownFileType = sourcecode.swift; path = MoviesUpcomingTests.swift; sourceTree = "<group>"; };
		3EBE67D92171338500DB2709 /* MoviesUpcomingViewController.swift */ = {isa = PBXFileReference; lastKnownFileType = sourcecode.swift; path = MoviesUpcomingViewController.swift; sourceTree = "<group>"; };
		3EBE67DB2171338500DB2709 /* MoviesUpcomingViewController.xib */ = {isa = PBXFileReference; lastKnownFileType = file.xib; path = MoviesUpcomingViewController.xib; sourceTree = "<group>"; };
		3EBE67E42171352100DB2709 /* ModuloFactoryImp.swift */ = {isa = PBXFileReference; lastKnownFileType = sourcecode.swift; path = ModuloFactoryImp.swift; sourceTree = "<group>"; };
		3EBE67E621713A6000DB2709 /* MoviesUpcomingCoordinator.swift */ = {isa = PBXFileReference; lastKnownFileType = sourcecode.swift; path = MoviesUpcomingCoordinator.swift; sourceTree = "<group>"; };
		3EBE67EA21715E8F00DB2709 /* R.generated.swift */ = {isa = PBXFileReference; fileEncoding = 4; lastKnownFileType = sourcecode.swift; name = R.generated.swift; path = CineKobe/General/R.generated.swift; sourceTree = SOURCE_ROOT; };
		3EBE67ED2171607200DB2709 /* ViewControllerExtension.swift */ = {isa = PBXFileReference; lastKnownFileType = sourcecode.swift; path = ViewControllerExtension.swift; sourceTree = "<group>"; };
		3EBE67EF2171615800DB2709 /* UIScreenExtension.swift */ = {isa = PBXFileReference; lastKnownFileType = sourcecode.swift; path = UIScreenExtension.swift; sourceTree = "<group>"; };
		49B2DC1C7B267750FFB58A96 /* Pods-CineKobe.debug.xcconfig */ = {isa = PBXFileReference; includeInIndex = 1; lastKnownFileType = text.xcconfig; name = "Pods-CineKobe.debug.xcconfig"; path = "Pods/Target Support Files/Pods-CineKobe/Pods-CineKobe.debug.xcconfig"; sourceTree = "<group>"; };
		50C5C042E3B68A2B1EFDE7E1 /* Pods-CineKobe-CineKobeTests.debug.xcconfig */ = {isa = PBXFileReference; includeInIndex = 1; lastKnownFileType = text.xcconfig; name = "Pods-CineKobe-CineKobeTests.debug.xcconfig"; path = "Pods/Target Support Files/Pods-CineKobe-CineKobeTests/Pods-CineKobe-CineKobeTests.debug.xcconfig"; sourceTree = "<group>"; };
		68E5AD9B0A3AF1B82104382B /* Pods-CineKobe.release.xcconfig */ = {isa = PBXFileReference; includeInIndex = 1; lastKnownFileType = text.xcconfig; name = "Pods-CineKobe.release.xcconfig"; path = "Pods/Target Support Files/Pods-CineKobe/Pods-CineKobe.release.xcconfig"; sourceTree = "<group>"; };
		6C5EA585352E52258FD3A23B /* Pods-CineKobe-CineKobeTests.release.xcconfig */ = {isa = PBXFileReference; includeInIndex = 1; lastKnownFileType = text.xcconfig; name = "Pods-CineKobe-CineKobeTests.release.xcconfig"; path = "Pods/Target Support Files/Pods-CineKobe-CineKobeTests/Pods-CineKobe-CineKobeTests.release.xcconfig"; sourceTree = "<group>"; };
		919FBD1CC92C67BD1CB43AD5 /* libPods-CineKobeTests.a */ = {isa = PBXFileReference; explicitFileType = archive.ar; includeInIndex = 0; path = "libPods-CineKobeTests.a"; sourceTree = BUILT_PRODUCTS_DIR; };
		99AD883804300C45920D156B /* Pods_CineKobe.framework */ = {isa = PBXFileReference; explicitFileType = wrapper.framework; includeInIndex = 0; path = Pods_CineKobe.framework; sourceTree = BUILT_PRODUCTS_DIR; };
		C7EE58DF9AB8656BBAE3B677 /* Pods-CineKobeTests.debug.xcconfig */ = {isa = PBXFileReference; includeInIndex = 1; lastKnownFileType = text.xcconfig; name = "Pods-CineKobeTests.debug.xcconfig"; path = "Pods/Target Support Files/Pods-CineKobeTests/Pods-CineKobeTests.debug.xcconfig"; sourceTree = "<group>"; };
		FC47CE2F23FD14EF36D94E14 /* Pods_CineKobe_CineKobeTests.framework */ = {isa = PBXFileReference; explicitFileType = wrapper.framework; includeInIndex = 0; path = Pods_CineKobe_CineKobeTests.framework; sourceTree = BUILT_PRODUCTS_DIR; };
/* End PBXFileReference section */

/* Begin PBXFrameworksBuildPhase section */
		3EBE67832170C28100DB2709 /* Frameworks */ = {
			isa = PBXFrameworksBuildPhase;
			buildActionMask = 2147483647;
			files = (
				E28AE06BB3F303000AB157C6 /* Pods_CineKobe.framework in Frameworks */,
			);
			runOnlyForDeploymentPostprocessing = 0;
		};
		3EBE67972170C28200DB2709 /* Frameworks */ = {
			isa = PBXFrameworksBuildPhase;
			buildActionMask = 2147483647;
			files = (
				B9E674305ABBA6FB734B987B /* libPods-CineKobeTests.a in Frameworks */,
				82C794D71A8678825FBDCA5B /* Pods_CineKobe_CineKobeTests.framework in Frameworks */,
			);
			runOnlyForDeploymentPostprocessing = 0;
		};
/* End PBXFrameworksBuildPhase section */

/* Begin PBXGroup section */
		00BCF35CD44D182F94372CA8 /* Pods */ = {
			isa = PBXGroup;
			children = (
				49B2DC1C7B267750FFB58A96 /* Pods-CineKobe.debug.xcconfig */,
				68E5AD9B0A3AF1B82104382B /* Pods-CineKobe.release.xcconfig */,
				C7EE58DF9AB8656BBAE3B677 /* Pods-CineKobeTests.debug.xcconfig */,
				28D5A53F6ABBB738DAB5048C /* Pods-CineKobeTests.release.xcconfig */,
				50C5C042E3B68A2B1EFDE7E1 /* Pods-CineKobe-CineKobeTests.debug.xcconfig */,
				6C5EA585352E52258FD3A23B /* Pods-CineKobe-CineKobeTests.release.xcconfig */,
			);
			name = Pods;
			sourceTree = "<group>";
		};
		3EBE677D2170C28100DB2709 = {
			isa = PBXGroup;
			children = (
				3EBE67882170C28100DB2709 /* CineKobe */,
				3EBE679D2170C28200DB2709 /* CineKobeTests */,
				3EBE67872170C28100DB2709 /* Products */,
				00BCF35CD44D182F94372CA8 /* Pods */,
				83CF8EF9B908A0D9EE0D52D5 /* Frameworks */,
			);
			sourceTree = "<group>";
		};
		3EBE67872170C28100DB2709 /* Products */ = {
			isa = PBXGroup;
			children = (
				3EBE67862170C28100DB2709 /* CineKobe.app */,
				3EBE679A2170C28200DB2709 /* CineKobeTests.xctest */,
			);
			name = Products;
			sourceTree = "<group>";
		};
		3EBE67882170C28100DB2709 /* CineKobe */ = {
			isa = PBXGroup;
			children = (
				3EBE67BB217123FB00DB2709 /* AppDelegate */,
				3EBE67A92170C8C500DB2709 /* API */,
				3EBE67BF217124D200DB2709 /* Router */,
				3EBE67AA2170C8DE00DB2709 /* Model */,
				3EBE67B32170D49D00DB2709 /* Service */,
				3EBE67BE2171246A00DB2709 /* Protocol */,
				3EBE67BA21711B2600DB2709 /* Features */,
				3EBE67CC217131C100DB2709 /* Factories */,
				3EBE67C62171273C00DB2709 /* Coordinators */,
				3EBE67B921711AD300DB2709 /* General */,
				3EBE67EC2171603800DB2709 /* Extensions */,
			);
			path = CineKobe;
			sourceTree = "<group>";
		};
		3EBE679D2170C28200DB2709 /* CineKobeTests */ = {
			isa = PBXGroup;
			children = (
				3EBE679E2170C28200DB2709 /* CineKobeTests.swift */,
				3EBE67A02170C28200DB2709 /* Info.plist */,
			);
			path = CineKobeTests;
			sourceTree = "<group>";
		};
		3EBE67A92170C8C500DB2709 /* API */ = {
			isa = PBXGroup;
			children = (
				3EBE67AB2170CE1200DB2709 /* API.swift */,
				3EBE67B12170D48200DB2709 /* APIResponse.swift */,
			);
			path = API;
			sourceTree = "<group>";
		};
		3EBE67AA2170C8DE00DB2709 /* Model */ = {
			isa = PBXGroup;
			children = (
				3EBE67B42170D6D900DB2709 /* MoviesUpcoming.swift */,
			);
			path = Model;
			sourceTree = "<group>";
		};
		3EBE67B32170D49D00DB2709 /* Service */ = {
			isa = PBXGroup;
			children = (
				3EBE67AF2170D46C00DB2709 /* Service.swift */,
				3EBE67AD2170D40500DB2709 /* DataManager.swift */,
			);
			path = Service;
			sourceTree = "<group>";
		};
		3EBE67B921711AD300DB2709 /* General */ = {
			isa = PBXGroup;
			children = (
				3EBE67EA21715E8F00DB2709 /* R.generated.swift */,
				3EBE678D2170C28100DB2709 /* Main.storyboard */,
				3EBE67902170C28200DB2709 /* Assets.xcassets */,
				3EBE67922170C28200DB2709 /* LaunchScreen.storyboard */,
				3EBE67952170C28200DB2709 /* Info.plist */,
			);
			path = General;
			sourceTree = "<group>";
		};
		3EBE67BA21711B2600DB2709 /* Features */ = {
			isa = PBXGroup;
			children = (
				3EBE67D42171332D00DB2709 /* MoviesUpcoming */,
				3EBE678B2170C28100DB2709 /* ViewController.swift */,
			);
			path = Features;
			sourceTree = "<group>";
		};
		3EBE67BB217123FB00DB2709 /* AppDelegate */ = {
			isa = PBXGroup;
			children = (
				3EBE67892170C28100DB2709 /* AppDelegate.swift */,
				3EBE67BC2171243B00DB2709 /* AppCoordinator.swift */,
			);
			path = AppDelegate;
			sourceTree = "<group>";
		};
		3EBE67BE2171246A00DB2709 /* Protocol */ = {
			isa = PBXGroup;
			children = (
				3EBE67C4217126BA00DB2709 /* Presentable.swift */,
				3EBE67CA217127A500DB2709 /* Coordinator.swift */,
			);
			path = Protocol;
			sourceTree = "<group>";
		};
		3EBE67BF217124D200DB2709 /* Router */ = {
			isa = PBXGroup;
			children = (
				3EBE67C0217124E500DB2709 /* Router.swift */,
				3EBE67C2217125B700DB2709 /* RouterImp.swift */,
			);
			path = Router;
			sourceTree = "<group>";
		};
		3EBE67C62171273C00DB2709 /* Coordinators */ = {
			isa = PBXGroup;
			children = (
				3EBE67C72171276500DB2709 /* BaseCoordinator */,
				3EBE67E621713A6000DB2709 /* MoviesUpcomingCoordinator.swift */,
			);
			path = Coordinators;
			sourceTree = "<group>";
		};
		3EBE67C72171276500DB2709 /* BaseCoordinator */ = {
			isa = PBXGroup;
			children = (
				3EBE67C82171278100DB2709 /* BaseCoordinator.swift */,
			);
			path = BaseCoordinator;
			sourceTree = "<group>";
		};
		3EBE67CC217131C100DB2709 /* Factories */ = {
			isa = PBXGroup;
			children = (
				3EBE67CD217131DD00DB2709 /* FactoryImp */,
				3EBE67D02171321D00DB2709 /* CoordinatorFactory.swift */,
				3EBE67D22171328E00DB2709 /* MoviesUpcomingFactory.swift */,
			);
			path = Factories;
			sourceTree = "<group>";
		};
		3EBE67CD217131DD00DB2709 /* FactoryImp */ = {
			isa = PBXGroup;
			children = (
				3EBE67CE217131FE00DB2709 /* CoordinatorFactoryImp.swift */,
				3EBE67E42171352100DB2709 /* ModuloFactoryImp.swift */,
			);
			path = FactoryImp;
			sourceTree = "<group>";
		};
		3EBE67D42171332D00DB2709 /* MoviesUpcoming */ = {
			isa = PBXGroup;
			children = (
				3EBE67D52171338500DB2709 /* MoviesUpcoming.strings */,
				3EBE67D82171338500DB2709 /* MoviesUpcomingTests.swift */,
				3EBE67D72171338500DB2709 /* MoviesUpcomingPresenter.swift */,
				3EBE67D92171338500DB2709 /* MoviesUpcomingViewController.swift */,
				3EBE67DB2171338500DB2709 /* MoviesUpcomingViewController.xib */,
				3EBE67D62171338500DB2709 /* MoviesUpcomingViewController_SE.xib */,
			);
			path = MoviesUpcoming;
			sourceTree = "<group>";
		};
		3EBE67EC2171603800DB2709 /* Extensions */ = {
			isa = PBXGroup;
			children = (
				3EBE67ED2171607200DB2709 /* ViewControllerExtension.swift */,
				3EBE67EF2171615800DB2709 /* UIScreenExtension.swift */,
			);
			path = Extensions;
			sourceTree = "<group>";
		};
		83CF8EF9B908A0D9EE0D52D5 /* Frameworks */ = {
			isa = PBXGroup;
			children = (
				919FBD1CC92C67BD1CB43AD5 /* libPods-CineKobeTests.a */,
				99AD883804300C45920D156B /* Pods_CineKobe.framework */,
				FC47CE2F23FD14EF36D94E14 /* Pods_CineKobe_CineKobeTests.framework */,
			);
			name = Frameworks;
			sourceTree = "<group>";
		};
/* End PBXGroup section */

/* Begin PBXNativeTarget section */
		3EBE67852170C28100DB2709 /* CineKobe */ = {
			isa = PBXNativeTarget;
			buildConfigurationList = 3EBE67A32170C28200DB2709 /* Build configuration list for PBXNativeTarget "CineKobe" */;
			buildPhases = (
				ED604BAB97F5C36EDC392CF2 /* [CP] Check Pods Manifest.lock */,
				3EBE67E92171564E00DB2709 /* Rswift */,
				3EBE67822170C28100DB2709 /* Sources */,
				3EBE67832170C28100DB2709 /* Frameworks */,
				3EBE67842170C28100DB2709 /* Resources */,
				C6F05526317F681C0792234F /* [CP] Embed Pods Frameworks */,
			);
			buildRules = (
			);
			dependencies = (
			);
			name = CineKobe;
			productName = CineKobe;
			productReference = 3EBE67862170C28100DB2709 /* CineKobe.app */;
			productType = "com.apple.product-type.application";
		};
		3EBE67992170C28200DB2709 /* CineKobeTests */ = {
			isa = PBXNativeTarget;
			buildConfigurationList = 3EBE67A62170C28200DB2709 /* Build configuration list for PBXNativeTarget "CineKobeTests" */;
			buildPhases = (
				8D9311870B71C414DE5B1AC9 /* [CP] Check Pods Manifest.lock */,
				3EBE67962170C28200DB2709 /* Sources */,
				3EBE67972170C28200DB2709 /* Frameworks */,
				3EBE67982170C28200DB2709 /* Resources */,
				99C5EA9AC17C8D40B28BA0FB /* [CP] Embed Pods Frameworks */,
			);
			buildRules = (
			);
			dependencies = (
				3EBE679C2170C28200DB2709 /* PBXTargetDependency */,
			);
			name = CineKobeTests;
			productName = CineKobeTests;
			productReference = 3EBE679A2170C28200DB2709 /* CineKobeTests.xctest */;
			productType = "com.apple.product-type.bundle.unit-test";
		};
/* End PBXNativeTarget section */

/* Begin PBXProject section */
		3EBE677E2170C28100DB2709 /* Project object */ = {
			isa = PBXProject;
			attributes = {
				LastSwiftUpdateCheck = 1000;
				LastUpgradeCheck = 1000;
				ORGANIZATIONNAME = "Rafael Silva";
				TargetAttributes = {
					3EBE67852170C28100DB2709 = {
						CreatedOnToolsVersion = 10.0;
					};
					3EBE67992170C28200DB2709 = {
						CreatedOnToolsVersion = 10.0;
						TestTargetID = 3EBE67852170C28100DB2709;
					};
				};
			};
			buildConfigurationList = 3EBE67812170C28100DB2709 /* Build configuration list for PBXProject "CineKobe" */;
			compatibilityVersion = "Xcode 10.0";
			developmentRegion = en;
			hasScannedForEncodings = 0;
			knownRegions = (
				en,
				Base,
			);
			mainGroup = 3EBE677D2170C28100DB2709;
			productRefGroup = 3EBE67872170C28100DB2709 /* Products */;
			projectDirPath = "";
			projectRoot = "";
			targets = (
				3EBE67852170C28100DB2709 /* CineKobe */,
				3EBE67992170C28200DB2709 /* CineKobeTests */,
			);
		};
/* End PBXProject section */

/* Begin PBXResourcesBuildPhase section */
		3EBE67842170C28100DB2709 /* Resources */ = {
			isa = PBXResourcesBuildPhase;
			buildActionMask = 2147483647;
			files = (
				3EBE67942170C28200DB2709 /* LaunchScreen.storyboard in Resources */,
				3EBE67912170C28200DB2709 /* Assets.xcassets in Resources */,
				3EBE67DD2171338500DB2709 /* MoviesUpcomingViewController_SE.xib in Resources */,
				3EBE678F2170C28100DB2709 /* Main.storyboard in Resources */,
				3EBE67E22171338500DB2709 /* MoviesUpcomingViewController.xib in Resources */,
				3EBE67DC2171338500DB2709 /* MoviesUpcoming.strings in Resources */,
			);
			runOnlyForDeploymentPostprocessing = 0;
		};
		3EBE67982170C28200DB2709 /* Resources */ = {
			isa = PBXResourcesBuildPhase;
			buildActionMask = 2147483647;
			files = (
			);
			runOnlyForDeploymentPostprocessing = 0;
		};
/* End PBXResourcesBuildPhase section */

/* Begin PBXShellScriptBuildPhase section */
		3EBE67E92171564E00DB2709 /* Rswift */ = {
			isa = PBXShellScriptBuildPhase;
			buildActionMask = 2147483647;
			files = (
			);
			inputFileListPaths = (
			);
			inputPaths = (
			);
			name = Rswift;
			outputFileListPaths = (
			);
			outputPaths = (
			);
			runOnlyForDeploymentPostprocessing = 0;
			shellPath = /bin/sh;
			shellScript = "\"$PODS_ROOT/R.swift/rswift\" \"$SRCROOT\"\n";
		};
		8D9311870B71C414DE5B1AC9 /* [CP] Check Pods Manifest.lock */ = {
			isa = PBXShellScriptBuildPhase;
			buildActionMask = 2147483647;
			files = (
			);
			inputFileListPaths = (
			);
			inputPaths = (
				"${PODS_PODFILE_DIR_PATH}/Podfile.lock",
				"${PODS_ROOT}/Manifest.lock",
			);
			name = "[CP] Check Pods Manifest.lock";
			outputFileListPaths = (
			);
			outputPaths = (
				"$(DERIVED_FILE_DIR)/Pods-CineKobe-CineKobeTests-checkManifestLockResult.txt",
			);
			runOnlyForDeploymentPostprocessing = 0;
			shellPath = /bin/sh;
			shellScript = "diff \"${PODS_PODFILE_DIR_PATH}/Podfile.lock\" \"${PODS_ROOT}/Manifest.lock\" > /dev/null\nif [ $? != 0 ] ; then\n    # print error to STDERR\n    echo \"error: The sandbox is not in sync with the Podfile.lock. Run 'pod install' or update your CocoaPods installation.\" >&2\n    exit 1\nfi\n# This output is used by Xcode 'outputs' to avoid re-running this script phase.\necho \"SUCCESS\" > \"${SCRIPT_OUTPUT_FILE_0}\"\n";
			showEnvVarsInLog = 0;
		};
		99C5EA9AC17C8D40B28BA0FB /* [CP] Embed Pods Frameworks */ = {
			isa = PBXShellScriptBuildPhase;
			buildActionMask = 2147483647;
			files = (
			);
			inputFileListPaths = (
			);
			inputPaths = (
				"${SRCROOT}/Pods/Target Support Files/Pods-CineKobe-CineKobeTests/Pods-CineKobe-CineKobeTests-frameworks.sh",
				"${BUILT_PRODUCTS_DIR}/Alamofire/Alamofire.framework",
				"${BUILT_PRODUCTS_DIR}/Moya/Moya.framework",
				"${BUILT_PRODUCTS_DIR}/R.swift.Library/Rswift.framework",
				"${BUILT_PRODUCTS_DIR}/Result/Result.framework",
				"${BUILT_PRODUCTS_DIR}/Nimble/Nimble.framework",
				"${BUILT_PRODUCTS_DIR}/Quick/Quick.framework",
			);
			name = "[CP] Embed Pods Frameworks";
			outputFileListPaths = (
			);
			outputPaths = (
				"${TARGET_BUILD_DIR}/${FRAMEWORKS_FOLDER_PATH}/Alamofire.framework",
				"${TARGET_BUILD_DIR}/${FRAMEWORKS_FOLDER_PATH}/Moya.framework",
				"${TARGET_BUILD_DIR}/${FRAMEWORKS_FOLDER_PATH}/Rswift.framework",
				"${TARGET_BUILD_DIR}/${FRAMEWORKS_FOLDER_PATH}/Result.framework",
				"${TARGET_BUILD_DIR}/${FRAMEWORKS_FOLDER_PATH}/Nimble.framework",
				"${TARGET_BUILD_DIR}/${FRAMEWORKS_FOLDER_PATH}/Quick.framework",
			);
			runOnlyForDeploymentPostprocessing = 0;
			shellPath = /bin/sh;
			shellScript = "\"${SRCROOT}/Pods/Target Support Files/Pods-CineKobe-CineKobeTests/Pods-CineKobe-CineKobeTests-frameworks.sh\"\n";
			showEnvVarsInLog = 0;
		};
		C6F05526317F681C0792234F /* [CP] Embed Pods Frameworks */ = {
			isa = PBXShellScriptBuildPhase;
			buildActionMask = 2147483647;
			files = (
			);
			inputFileListPaths = (
			);
			inputPaths = (
				"${SRCROOT}/Pods/Target Support Files/Pods-CineKobe/Pods-CineKobe-frameworks.sh",
				"${BUILT_PRODUCTS_DIR}/Alamofire/Alamofire.framework",
				"${BUILT_PRODUCTS_DIR}/Moya/Moya.framework",
				"${BUILT_PRODUCTS_DIR}/R.swift.Library/Rswift.framework",
				"${BUILT_PRODUCTS_DIR}/Result/Result.framework",
			);
			name = "[CP] Embed Pods Frameworks";
			outputFileListPaths = (
			);
			outputPaths = (
				"${TARGET_BUILD_DIR}/${FRAMEWORKS_FOLDER_PATH}/Alamofire.framework",
				"${TARGET_BUILD_DIR}/${FRAMEWORKS_FOLDER_PATH}/Moya.framework",
				"${TARGET_BUILD_DIR}/${FRAMEWORKS_FOLDER_PATH}/Rswift.framework",
				"${TARGET_BUILD_DIR}/${FRAMEWORKS_FOLDER_PATH}/Result.framework",
			);
			runOnlyForDeploymentPostprocessing = 0;
			shellPath = /bin/sh;
			shellScript = "\"${SRCROOT}/Pods/Target Support Files/Pods-CineKobe/Pods-CineKobe-frameworks.sh\"\n";
			showEnvVarsInLog = 0;
		};
		ED604BAB97F5C36EDC392CF2 /* [CP] Check Pods Manifest.lock */ = {
			isa = PBXShellScriptBuildPhase;
			buildActionMask = 2147483647;
			files = (
			);
			inputFileListPaths = (
			);
			inputPaths = (
				"${PODS_PODFILE_DIR_PATH}/Podfile.lock",
				"${PODS_ROOT}/Manifest.lock",
			);
			name = "[CP] Check Pods Manifest.lock";
			outputFileListPaths = (
			);
			outputPaths = (
				"$(DERIVED_FILE_DIR)/Pods-CineKobe-checkManifestLockResult.txt",
			);
			runOnlyForDeploymentPostprocessing = 0;
			shellPath = /bin/sh;
			shellScript = "diff \"${PODS_PODFILE_DIR_PATH}/Podfile.lock\" \"${PODS_ROOT}/Manifest.lock\" > /dev/null\nif [ $? != 0 ] ; then\n    # print error to STDERR\n    echo \"error: The sandbox is not in sync with the Podfile.lock. Run 'pod install' or update your CocoaPods installation.\" >&2\n    exit 1\nfi\n# This output is used by Xcode 'outputs' to avoid re-running this script phase.\necho \"SUCCESS\" > \"${SCRIPT_OUTPUT_FILE_0}\"\n";
			showEnvVarsInLog = 0;
		};
/* End PBXShellScriptBuildPhase section */

/* Begin PBXSourcesBuildPhase section */
		3EBE67822170C28100DB2709 /* Sources */ = {
			isa = PBXSourcesBuildPhase;
			buildActionMask = 2147483647;
			files = (
				3EBE67E52171352100DB2709 /* ModuloFactoryImp.swift in Sources */,
				3EBE678C2170C28100DB2709 /* ViewController.swift in Sources */,
				3EBE67AE2170D40500DB2709 /* DataManager.swift in Sources */,
				3EBE67CB217127A500DB2709 /* Coordinator.swift in Sources */,
				3EBE67D32171328E00DB2709 /* MoviesUpcomingFactory.swift in Sources */,
				3EBE67B02170D46C00DB2709 /* Service.swift in Sources */,
				3EBE67DE2171338500DB2709 /* MoviesUpcomingPresenter.swift in Sources */,
				3EBE67CF217131FE00DB2709 /* CoordinatorFactoryImp.swift in Sources */,
				3EBE67EB21715E8F00DB2709 /* R.generated.swift in Sources */,
				3EBE67C3217125B700DB2709 /* RouterImp.swift in Sources */,
				3EBE67B52170D6D900DB2709 /* MoviesUpcoming.swift in Sources */,
				3EBE67C1217124E500DB2709 /* Router.swift in Sources */,
				3EBE67BD2171243B00DB2709 /* AppCoordinator.swift in Sources */,
				3EBE67D12171321D00DB2709 /* CoordinatorFactory.swift in Sources */,
				3EBE67C92171278100DB2709 /* BaseCoordinator.swift in Sources */,
				3EBE67AC2170CE1200DB2709 /* API.swift in Sources */,
				3EBE678A2170C28100DB2709 /* AppDelegate.swift in Sources */,
				3EBE67C5217126BA00DB2709 /* Presentable.swift in Sources */,
				3EBE67EE2171607200DB2709 /* ViewControllerExtension.swift in Sources */,
				3EBE67E02171338500DB2709 /* MoviesUpcomingViewController.swift in Sources */,
				3EBE67F02171615800DB2709 /* UIScreenExtension.swift in Sources */,
				3EBE67B22170D48200DB2709 /* APIResponse.swift in Sources */,
				3EBE67E721713A6000DB2709 /* MoviesUpcomingCoordinator.swift in Sources */,
			);
			runOnlyForDeploymentPostprocessing = 0;
		};
		3EBE67962170C28200DB2709 /* Sources */ = {
			isa = PBXSourcesBuildPhase;
			buildActionMask = 2147483647;
			files = (
				3EBE67E32171349600DB2709 /* MoviesUpcomingTests.swift in Sources */,
				3EBE679F2170C28200DB2709 /* CineKobeTests.swift in Sources */,
			);
			runOnlyForDeploymentPostprocessing = 0;
		};
/* End PBXSourcesBuildPhase section */

/* Begin PBXTargetDependency section */
		3EBE679C2170C28200DB2709 /* PBXTargetDependency */ = {
			isa = PBXTargetDependency;
			target = 3EBE67852170C28100DB2709 /* CineKobe */;
			targetProxy = 3EBE679B2170C28200DB2709 /* PBXContainerItemProxy */;
		};
/* End PBXTargetDependency section */

/* Begin PBXVariantGroup section */
		3EBE678D2170C28100DB2709 /* Main.storyboard */ = {
			isa = PBXVariantGroup;
			children = (
				3EBE678E2170C28100DB2709 /* Base */,
			);
			name = Main.storyboard;
			sourceTree = "<group>";
		};
		3EBE67922170C28200DB2709 /* LaunchScreen.storyboard */ = {
			isa = PBXVariantGroup;
			children = (
				3EBE67932170C28200DB2709 /* Base */,
			);
			name = LaunchScreen.storyboard;
			sourceTree = "<group>";
		};
/* End PBXVariantGroup section */

/* Begin XCBuildConfiguration section */
		3EBE67A12170C28200DB2709 /* Debug */ = {
			isa = XCBuildConfiguration;
			buildSettings = {
				ALWAYS_SEARCH_USER_PATHS = NO;
				CLANG_ANALYZER_NONNULL = YES;
				CLANG_ANALYZER_NUMBER_OBJECT_CONVERSION = YES_AGGRESSIVE;
				CLANG_CXX_LANGUAGE_STANDARD = "gnu++14";
				CLANG_CXX_LIBRARY = "libc++";
				CLANG_ENABLE_MODULES = YES;
				CLANG_ENABLE_OBJC_ARC = YES;
				CLANG_ENABLE_OBJC_WEAK = YES;
				CLANG_WARN_BLOCK_CAPTURE_AUTORELEASING = YES;
				CLANG_WARN_BOOL_CONVERSION = YES;
				CLANG_WARN_COMMA = YES;
				CLANG_WARN_CONSTANT_CONVERSION = YES;
				CLANG_WARN_DEPRECATED_OBJC_IMPLEMENTATIONS = YES;
				CLANG_WARN_DIRECT_OBJC_ISA_USAGE = YES_ERROR;
				CLANG_WARN_DOCUMENTATION_COMMENTS = YES;
				CLANG_WARN_EMPTY_BODY = YES;
				CLANG_WARN_ENUM_CONVERSION = YES;
				CLANG_WARN_INFINITE_RECURSION = YES;
				CLANG_WARN_INT_CONVERSION = YES;
				CLANG_WARN_NON_LITERAL_NULL_CONVERSION = YES;
				CLANG_WARN_OBJC_IMPLICIT_RETAIN_SELF = YES;
				CLANG_WARN_OBJC_LITERAL_CONVERSION = YES;
				CLANG_WARN_OBJC_ROOT_CLASS = YES_ERROR;
				CLANG_WARN_RANGE_LOOP_ANALYSIS = YES;
				CLANG_WARN_STRICT_PROTOTYPES = YES;
				CLANG_WARN_SUSPICIOUS_MOVE = YES;
				CLANG_WARN_UNGUARDED_AVAILABILITY = YES_AGGRESSIVE;
				CLANG_WARN_UNREACHABLE_CODE = YES;
				CLANG_WARN__DUPLICATE_METHOD_MATCH = YES;
				CODE_SIGN_IDENTITY = "iPhone Developer";
				COPY_PHASE_STRIP = NO;
				DEBUG_INFORMATION_FORMAT = dwarf;
				ENABLE_STRICT_OBJC_MSGSEND = YES;
				ENABLE_TESTABILITY = YES;
				GCC_C_LANGUAGE_STANDARD = gnu11;
				GCC_DYNAMIC_NO_PIC = NO;
				GCC_NO_COMMON_BLOCKS = YES;
				GCC_OPTIMIZATION_LEVEL = 0;
				GCC_PREPROCESSOR_DEFINITIONS = (
					"DEBUG=1",
					"$(inherited)",
				);
				GCC_WARN_64_TO_32_BIT_CONVERSION = YES;
				GCC_WARN_ABOUT_RETURN_TYPE = YES_ERROR;
				GCC_WARN_UNDECLARED_SELECTOR = YES;
				GCC_WARN_UNINITIALIZED_AUTOS = YES_AGGRESSIVE;
				GCC_WARN_UNUSED_FUNCTION = YES;
				GCC_WARN_UNUSED_VARIABLE = YES;
				IPHONEOS_DEPLOYMENT_TARGET = 9.0;
				MTL_ENABLE_DEBUG_INFO = INCLUDE_SOURCE;
				MTL_FAST_MATH = YES;
				ONLY_ACTIVE_ARCH = YES;
				SDKROOT = iphoneos;
				SWIFT_ACTIVE_COMPILATION_CONDITIONS = DEBUG;
				SWIFT_OPTIMIZATION_LEVEL = "-Onone";
			};
			name = Debug;
		};
		3EBE67A22170C28200DB2709 /* Release */ = {
			isa = XCBuildConfiguration;
			buildSettings = {
				ALWAYS_SEARCH_USER_PATHS = NO;
				CLANG_ANALYZER_NONNULL = YES;
				CLANG_ANALYZER_NUMBER_OBJECT_CONVERSION = YES_AGGRESSIVE;
				CLANG_CXX_LANGUAGE_STANDARD = "gnu++14";
				CLANG_CXX_LIBRARY = "libc++";
				CLANG_ENABLE_MODULES = YES;
				CLANG_ENABLE_OBJC_ARC = YES;
				CLANG_ENABLE_OBJC_WEAK = YES;
				CLANG_WARN_BLOCK_CAPTURE_AUTORELEASING = YES;
				CLANG_WARN_BOOL_CONVERSION = YES;
				CLANG_WARN_COMMA = YES;
				CLANG_WARN_CONSTANT_CONVERSION = YES;
				CLANG_WARN_DEPRECATED_OBJC_IMPLEMENTATIONS = YES;
				CLANG_WARN_DIRECT_OBJC_ISA_USAGE = YES_ERROR;
				CLANG_WARN_DOCUMENTATION_COMMENTS = YES;
				CLANG_WARN_EMPTY_BODY = YES;
				CLANG_WARN_ENUM_CONVERSION = YES;
				CLANG_WARN_INFINITE_RECURSION = YES;
				CLANG_WARN_INT_CONVERSION = YES;
				CLANG_WARN_NON_LITERAL_NULL_CONVERSION = YES;
				CLANG_WARN_OBJC_IMPLICIT_RETAIN_SELF = YES;
				CLANG_WARN_OBJC_LITERAL_CONVERSION = YES;
				CLANG_WARN_OBJC_ROOT_CLASS = YES_ERROR;
				CLANG_WARN_RANGE_LOOP_ANALYSIS = YES;
				CLANG_WARN_STRICT_PROTOTYPES = YES;
				CLANG_WARN_SUSPICIOUS_MOVE = YES;
				CLANG_WARN_UNGUARDED_AVAILABILITY = YES_AGGRESSIVE;
				CLANG_WARN_UNREACHABLE_CODE = YES;
				CLANG_WARN__DUPLICATE_METHOD_MATCH = YES;
				CODE_SIGN_IDENTITY = "iPhone Developer";
				COPY_PHASE_STRIP = NO;
				DEBUG_INFORMATION_FORMAT = "dwarf-with-dsym";
				ENABLE_NS_ASSERTIONS = NO;
				ENABLE_STRICT_OBJC_MSGSEND = YES;
				GCC_C_LANGUAGE_STANDARD = gnu11;
				GCC_NO_COMMON_BLOCKS = YES;
				GCC_WARN_64_TO_32_BIT_CONVERSION = YES;
				GCC_WARN_ABOUT_RETURN_TYPE = YES_ERROR;
				GCC_WARN_UNDECLARED_SELECTOR = YES;
				GCC_WARN_UNINITIALIZED_AUTOS = YES_AGGRESSIVE;
				GCC_WARN_UNUSED_FUNCTION = YES;
				GCC_WARN_UNUSED_VARIABLE = YES;
				IPHONEOS_DEPLOYMENT_TARGET = 9.0;
				MTL_ENABLE_DEBUG_INFO = NO;
				MTL_FAST_MATH = YES;
				SDKROOT = iphoneos;
				SWIFT_COMPILATION_MODE = wholemodule;
				SWIFT_OPTIMIZATION_LEVEL = "-O";
				VALIDATE_PRODUCT = YES;
			};
			name = Release;
		};
		3EBE67A42170C28200DB2709 /* Debug */ = {
			isa = XCBuildConfiguration;
			baseConfigurationReference = 49B2DC1C7B267750FFB58A96 /* Pods-CineKobe.debug.xcconfig */;
			buildSettings = {
				ASSETCATALOG_COMPILER_APPICON_NAME = AppIcon;
				CODE_SIGN_STYLE = Automatic;
				INFOPLIST_FILE = CineKobe/General/Info.plist;
				LD_RUNPATH_SEARCH_PATHS = (
					"$(inherited)",
					"@executable_path/Frameworks",
				);
				PRODUCT_BUNDLE_IDENTIFIER = com.silva.rafael.CineKobe;
				PRODUCT_NAME = "$(TARGET_NAME)";
				SWIFT_VERSION = 4.2;
				TARGETED_DEVICE_FAMILY = "1,2";
			};
			name = Debug;
		};
		3EBE67A52170C28200DB2709 /* Release */ = {
			isa = XCBuildConfiguration;
			baseConfigurationReference = 68E5AD9B0A3AF1B82104382B /* Pods-CineKobe.release.xcconfig */;
			buildSettings = {
				ASSETCATALOG_COMPILER_APPICON_NAME = AppIcon;
				CODE_SIGN_STYLE = Automatic;
				INFOPLIST_FILE = CineKobe/General/Info.plist;
				LD_RUNPATH_SEARCH_PATHS = (
					"$(inherited)",
					"@executable_path/Frameworks",
				);
				PRODUCT_BUNDLE_IDENTIFIER = com.silva.rafael.CineKobe;
				PRODUCT_NAME = "$(TARGET_NAME)";
				SWIFT_VERSION = 4.2;
				TARGETED_DEVICE_FAMILY = "1,2";
			};
			name = Release;
		};
		3EBE67A72170C28200DB2709 /* Debug */ = {
			isa = XCBuildConfiguration;
			baseConfigurationReference = 50C5C042E3B68A2B1EFDE7E1 /* Pods-CineKobe-CineKobeTests.debug.xcconfig */;
			buildSettings = {
				ALWAYS_EMBED_SWIFT_STANDARD_LIBRARIES = "$(inherited)";
				BUNDLE_LOADER = "$(TEST_HOST)";
				CODE_SIGN_STYLE = Automatic;
				INFOPLIST_FILE = CineKobeTests/Info.plist;
				LD_RUNPATH_SEARCH_PATHS = (
					"$(inherited)",
					"@executable_path/Frameworks",
					"@loader_path/Frameworks",
				);
				PRODUCT_BUNDLE_IDENTIFIER = com.silva.rafael.CineKobeTests;
				PRODUCT_NAME = "$(TARGET_NAME)";
				SWIFT_VERSION = 4.2;
				TARGETED_DEVICE_FAMILY = "1,2";
				TEST_HOST = "$(BUILT_PRODUCTS_DIR)/CineKobe.app/CineKobe";
			};
			name = Debug;
		};
		3EBE67A82170C28200DB2709 /* Release */ = {
			isa = XCBuildConfiguration;
			baseConfigurationReference = 6C5EA585352E52258FD3A23B /* Pods-CineKobe-CineKobeTests.release.xcconfig */;
			buildSettings = {
				ALWAYS_EMBED_SWIFT_STANDARD_LIBRARIES = "$(inherited)";
				BUNDLE_LOADER = "$(TEST_HOST)";
				CODE_SIGN_STYLE = Automatic;
				INFOPLIST_FILE = CineKobeTests/Info.plist;
				LD_RUNPATH_SEARCH_PATHS = (
					"$(inherited)",
					"@executable_path/Frameworks",
					"@loader_path/Frameworks",
				);
				PRODUCT_BUNDLE_IDENTIFIER = com.silva.rafael.CineKobeTests;
				PRODUCT_NAME = "$(TARGET_NAME)";
				SWIFT_VERSION = 4.2;
				TARGETED_DEVICE_FAMILY = "1,2";
				TEST_HOST = "$(BUILT_PRODUCTS_DIR)/CineKobe.app/CineKobe";
			};
			name = Release;
		};
/* End XCBuildConfiguration section */

/* Begin XCConfigurationList section */
		3EBE67812170C28100DB2709 /* Build configuration list for PBXProject "CineKobe" */ = {
			isa = XCConfigurationList;
			buildConfigurations = (
				3EBE67A12170C28200DB2709 /* Debug */,
				3EBE67A22170C28200DB2709 /* Release */,
			);
			defaultConfigurationIsVisible = 0;
			defaultConfigurationName = Release;
		};
		3EBE67A32170C28200DB2709 /* Build configuration list for PBXNativeTarget "CineKobe" */ = {
			isa = XCConfigurationList;
			buildConfigurations = (
				3EBE67A42170C28200DB2709 /* Debug */,
				3EBE67A52170C28200DB2709 /* Release */,
			);
			defaultConfigurationIsVisible = 0;
			defaultConfigurationName = Release;
		};
		3EBE67A62170C28200DB2709 /* Build configuration list for PBXNativeTarget "CineKobeTests" */ = {
			isa = XCConfigurationList;
			buildConfigurations = (
				3EBE67A72170C28200DB2709 /* Debug */,
				3EBE67A82170C28200DB2709 /* Release */,
			);
			defaultConfigurationIsVisible = 0;
			defaultConfigurationName = Release;
		};
/* End XCConfigurationList section */
	};
	rootObject = 3EBE677E2170C28100DB2709 /* Project object */;
}
